
Microsoft Visual Studio Solution File, Format Version 12.00
# Visual Studio Version 17
VisualStudioVersion = 17.12.35521.163
MinimumVisualStudioVersion = 10.0.40219.1
Project("{FAE04EC0-301F-11D3-BF4B-00C04F79EFBC}") = "Mahta.Extensions.ChangeDataLog.Sql", "Mahta.Extensions.ChangeDataLog.Sql\Mahta.Extensions.ChangeDataLog.Sql.csproj", "{944D8DB8-C091-4BE5-BF03-4419DBC22FEF}"
EndProject
Project("{FAE04EC0-301F-11D3-BF4B-00C04F79EFBC}") = "Mahta.Extensions.ChangeDataLog.Hamster", "Mahta.Extensions.ChangeDataLog.Hamster\Mahta.Extensions.ChangeDataLog.Hamster.csproj", "{540E661C-2D29-487A-82B0-FB767BB5B3FE}"
EndProject
Global
	GlobalSection(SolutionConfigurationPlatforms) = preSolution
		Debug|Any CPU = Debug|Any CPU
		Release|Any CPU = Release|Any CPU
	EndGlobalSection
	GlobalSection(ProjectConfigurationPlatforms) = postSolution
		{944D8DB8-C091-4BE5-BF03-4419DBC22FEF}.Debug|Any CPU.ActiveCfg = Debug|Any CPU
		{944D8DB8-C091-4BE5-BF03-4419DBC22FEF}.Debug|Any CPU.Build.0 = Debug|Any CPU
		{944D8DB8-C091-4BE5-BF03-4419DBC22FEF}.Release|Any CPU.ActiveCfg = Release|Any CPU
		{944D8DB8-C091-4BE5-BF03-4419DBC22FEF}.Release|Any CPU.Build.0 = Release|Any CPU
		{540E661C-2D29-487A-82B0-FB767BB5B3FE}.Debug|Any CPU.ActiveCfg = Debug|Any CPU
		{540E661C-2D29-487A-82B0-FB767BB5B3FE}.Debug|Any CPU.Build.0 = Debug|Any CPU
		{540E661C-2D29-487A-82B0-FB767BB5B3FE}.Release|Any CPU.ActiveCfg = Release|Any CPU
		{540E661C-2D29-487A-82B0-FB767BB5B3FE}.Release|Any CPU.Build.0 = Release|Any CPU
	EndGlobalSection
	GlobalSection(SolutionProperties) = preSolution
		HideSolutionNode = FALSE
	EndGlobalSection
EndGlobal
