
Microsoft Visual Studio Solution File, Format Version 12.00
# Visual Studio Version 17
VisualStudioVersion = 17.12.35521.163 d17.12
MinimumVisualStudioVersion = 10.0.40219.1
Project("{FAE04EC0-301F-11D3-BF4B-00C04F79EFBC}") = "Mahta.Utilities.ScalarRegistration", "Mahta.Utilities.ScalarRegistration\Mahta.Utilities.ScalarRegistration.csproj", "{BDFBBE40-6720-4CF5-A184-0D140E203D1A}"
EndProject
Project("{FAE04EC0-301F-11D3-BF4B-00C04F79EFBC}") = "Mahta.Utilities.ScalarRegistration.Sample", "Mahta.Utilities.ScalarRegistration.Sample\Mahta.Utilities.ScalarRegistration.Sample.csproj", "{EE3B7EA2-EC5E-42B7-A2D8-9BA65EEA9BC6}"
EndProject
Global
	GlobalSection(SolutionConfigurationPlatforms) = preSolution
		Debug|Any CPU = Debug|Any CPU
		Release|Any CPU = Release|Any CPU
	EndGlobalSection
	GlobalSection(ProjectConfigurationPlatforms) = postSolution
		{BDFBBE40-6720-4CF5-A184-0D140E203D1A}.Debug|Any CPU.ActiveCfg = Debug|Any CPU
		{BDFBBE40-6720-4CF5-A184-0D140E203D1A}.Debug|Any CPU.Build.0 = Debug|Any CPU
		{BDFBBE40-6720-4CF5-A184-0D140E203D1A}.Release|Any CPU.ActiveCfg = Release|Any CPU
		{BDFBBE40-6720-4CF5-A184-0D140E203D1A}.Release|Any CPU.Build.0 = Release|Any CPU
		{EE3B7EA2-EC5E-42B7-A2D8-9BA65EEA9BC6}.Debug|Any CPU.ActiveCfg = Debug|Any CPU
		{EE3B7EA2-EC5E-42B7-A2D8-9BA65EEA9BC6}.Debug|Any CPU.Build.0 = Debug|Any CPU
		{EE3B7EA2-EC5E-42B7-A2D8-9BA65EEA9BC6}.Release|Any CPU.ActiveCfg = Release|Any CPU
		{EE3B7EA2-EC5E-42B7-A2D8-9BA65EEA9BC6}.Release|Any CPU.Build.0 = Release|Any CPU
	EndGlobalSection
	GlobalSection(SolutionProperties) = preSolution
		HideSolutionNode = FALSE
	EndGlobalSection
EndGlobal
