
Microsoft Visual Studio Solution File, Format Version 12.00
# Visual Studio Version 17
VisualStudioVersion = 17.12.35521.163 d17.12
MinimumVisualStudioVersion = 10.0.40219.1
Project("{FAE04EC0-301F-11D3-BF4B-00C04F79EFBC}") = "Mahta.Extensions.MessageBus.MessageInbox", "Mahta.Extensions.MessageBus.MessageInbox\Mahta.Extensions.MessageBus.MessageInbox.csproj", "{913A0701-7BF3-4F2D-8555-29B1D705267D}"
EndProject
Project("{FAE04EC0-301F-11D3-BF4B-00C04F79EFBC}") = "Mahta.Extensions.MessageBus.MessageInbox.Dal.Dapper", "Mahta.Extensions.MessageBus.MessageInbox.Dal.Dapper\Mahta.Extensions.MessageBus.MessageInbox.Dal.Dapper.csproj", "{088E04E6-27DE-4342-B496-67E681F66EDD}"
EndProject
Global
	GlobalSection(SolutionConfigurationPlatforms) = preSolution
		Debug|Any CPU = Debug|Any CPU
		Release|Any CPU = Release|Any CPU
	EndGlobalSection
	GlobalSection(ProjectConfigurationPlatforms) = postSolution
		{913A0701-7BF3-4F2D-8555-29B1D705267D}.Debug|Any CPU.ActiveCfg = Debug|Any CPU
		{913A0701-7BF3-4F2D-8555-29B1D705267D}.Debug|Any CPU.Build.0 = Debug|Any CPU
		{913A0701-7BF3-4F2D-8555-29B1D705267D}.Release|Any CPU.ActiveCfg = Release|Any CPU
		{913A0701-7BF3-4F2D-8555-29B1D705267D}.Release|Any CPU.Build.0 = Release|Any CPU
		{088E04E6-27DE-4342-B496-67E681F66EDD}.Debug|Any CPU.ActiveCfg = Debug|Any CPU
		{088E04E6-27DE-4342-B496-67E681F66EDD}.Debug|Any CPU.Build.0 = Debug|Any CPU
		{088E04E6-27DE-4342-B496-67E681F66EDD}.Release|Any CPU.ActiveCfg = Release|Any CPU
		{088E04E6-27DE-4342-B496-67E681F66EDD}.Release|Any CPU.Build.0 = Release|Any CPU
	EndGlobalSection
	GlobalSection(SolutionProperties) = preSolution
		HideSolutionNode = FALSE
	EndGlobalSection
EndGlobal
