
Microsoft Visual Studio Solution File, Format Version 12.00
# Visual Studio Version 17
VisualStudioVersion = 17.12.35521.163
MinimumVisualStudioVersion = 10.0.40219.1
Project("{2150E333-8FDC-42A3-9474-1A3956D46DE8}") = "src", "src", "{6E660A58-A225-4BE1-806A-D976DACD4379}"
EndProject
Project("{2150E333-8FDC-42A3-9474-1A3956D46DE8}") = "test", "test", "{2124F4E0-7AF4-4F82-935C-3D89F5ABF87A}"
EndProject
Project("{2150E333-8FDC-42A3-9474-1A3956D46DE8}") = "samples", "samples", "{B5D91DF1-E320-4CE9-B5A7-0D30BBBE076E}"
EndProject
Project("{2150E333-8FDC-42A3-9474-1A3956D46DE8}") = "1.Utilities", "1.Utilities", "{29B437FE-5328-4E5D-8BF7-0DA5FEEEE5C8}"
EndProject
Project("{2150E333-8FDC-42A3-9474-1A3956D46DE8}") = "2.Core", "2.Core", "{7CD83558-619B-4E91-8490-65896C9C1551}"
EndProject
Project("{2150E333-8FDC-42A3-9474-1A3956D46DE8}") = "3.Infra", "3.Infra", "{C9DFF82C-B776-4CB0-90A8-E2BA3ABE3146}"
EndProject
Project("{2150E333-8FDC-42A3-9474-1A3956D46DE8}") = "4.EndPoints", "4.EndPoints", "{7D360A2E-66EF-47F8-BF43-13BFD91A9968}"
EndProject
Project("{2150E333-8FDC-42A3-9474-1A3956D46DE8}") = "1.Core", "1.Core", "{46014050-C1A9-4DC4-8526-B119A3A3F42A}"
EndProject
Project("{2150E333-8FDC-42A3-9474-1A3956D46DE8}") = "2.Infra", "2.Infra", "{44B63205-57D1-47F2-B94A-3338F9E711D6}"
EndProject
Project("{2150E333-8FDC-42A3-9474-1A3956D46DE8}") = "3. Endpoints", "3. Endpoints", "{0B698A56-5A9D-48C0-90B8-82F6FDA8B7D9}"
EndProject
Project("{FAE04EC0-301F-11D3-BF4B-00C04F79EFBC}") = "Framework.Utilities", "src\1.Utilities\Framework.Utilities\Framework.Utilities.csproj", "{A7BAED7A-CE11-460E-9BC6-3A91891DA0C5}"
EndProject
Project("{FAE04EC0-301F-11D3-BF4B-00C04F79EFBC}") = "Framework.Core.ApplicationServices", "src\2.Core\Framework.Core.ApplicationServices\Framework.Core.ApplicationServices.csproj", "{DCBA8583-F52E-4A02-9393-677E6391D629}"
EndProject
Project("{FAE04EC0-301F-11D3-BF4B-00C04F79EFBC}") = "Framework.Core.Contracts", "src\2.Core\Framework.Core.Contracts\Framework.Core.Contracts.csproj", "{3701A154-4EE8-4606-9E53-453CA5D927C1}"
EndProject
Project("{FAE04EC0-301F-11D3-BF4B-00C04F79EFBC}") = "Framework.Core.Domain", "src\2.Core\Framework.Core.Domain\Framework.Core.Domain.csproj", "{E310F4B6-83F0-4C62-8148-9115DC476A04}"
EndProject
Project("{FAE04EC0-301F-11D3-BF4B-00C04F79EFBC}") = "Framework.Core.Domain.Toolkits", "src\2.Core\Framework.Core.Domain.Toolkits\Framework.Core.Domain.Toolkits.csproj", "{A51C8021-D614-487F-8BA4-CC482D486B01}"
EndProject
Project("{FAE04EC0-301F-11D3-BF4B-00C04F79EFBC}") = "Framework.Core.RequestResponse", "src\2.Core\Framework.Core.RequestResponse\Framework.Core.RequestResponse.csproj", "{008A0E68-1A5F-4CEC-8849-EFE5B6C84663}"
EndProject
Project("{2150E333-8FDC-42A3-9474-1A3956D46DE8}") = "Data", "Data", "{954DE97C-398C-410B-B49F-0F4085B0570B}"
EndProject
Project("{FAE04EC0-301F-11D3-BF4B-00C04F79EFBC}") = "Framework.Infra.Data.Sql", "src\3.Infra\Data\Framework.Infra.Data.Sql\Framework.Infra.Data.Sql.csproj", "{087AEE73-1C0C-4DB9-97AB-992C39963E7B}"
EndProject
Project("{FAE04EC0-301F-11D3-BF4B-00C04F79EFBC}") = "Framework.Infra.Data.Sql.Commands", "src\3.Infra\Data\Framework.Infra.Data.Sql.Commands\Framework.Infra.Data.Sql.Commands.csproj", "{A352EC06-558E-4F10-8B3E-95F9BFD059BA}"
EndProject
Project("{FAE04EC0-301F-11D3-BF4B-00C04F79EFBC}") = "Framework.Infra.Data.Sql.Queries", "src\3.Infra\Data\Framework.Infra.Data.Sql.Queries\Framework.Infra.Data.Sql.Queries.csproj", "{1AFEDDEF-FDAB-4EF6-BB66-025D0CF3C940}"
EndProject
Project("{FAE04EC0-301F-11D3-BF4B-00C04F79EFBC}") = "Framework.EndPoints.Web", "src\4.EndPoints\Framework.EndPoints.Web\Framework.EndPoints.Web.csproj", "{84CFA998-CDFE-44AC-AA48-FA81B8E72DD9}"
EndProject
Global
	GlobalSection(SolutionConfigurationPlatforms) = preSolution
		Debug|Any CPU = Debug|Any CPU
		Release|Any CPU = Release|Any CPU
	EndGlobalSection
	GlobalSection(ProjectConfigurationPlatforms) = postSolution
		{A7BAED7A-CE11-460E-9BC6-3A91891DA0C5}.Debug|Any CPU.ActiveCfg = Debug|Any CPU
		{A7BAED7A-CE11-460E-9BC6-3A91891DA0C5}.Debug|Any CPU.Build.0 = Debug|Any CPU
		{A7BAED7A-CE11-460E-9BC6-3A91891DA0C5}.Release|Any CPU.ActiveCfg = Release|Any CPU
		{A7BAED7A-CE11-460E-9BC6-3A91891DA0C5}.Release|Any CPU.Build.0 = Release|Any CPU
		{DCBA8583-F52E-4A02-9393-677E6391D629}.Debug|Any CPU.ActiveCfg = Debug|Any CPU
		{DCBA8583-F52E-4A02-9393-677E6391D629}.Debug|Any CPU.Build.0 = Debug|Any CPU
		{DCBA8583-F52E-4A02-9393-677E6391D629}.Release|Any CPU.ActiveCfg = Release|Any CPU
		{DCBA8583-F52E-4A02-9393-677E6391D629}.Release|Any CPU.Build.0 = Release|Any CPU
		{3701A154-4EE8-4606-9E53-453CA5D927C1}.Debug|Any CPU.ActiveCfg = Debug|Any CPU
		{3701A154-4EE8-4606-9E53-453CA5D927C1}.Debug|Any CPU.Build.0 = Debug|Any CPU
		{3701A154-4EE8-4606-9E53-453CA5D927C1}.Release|Any CPU.ActiveCfg = Release|Any CPU
		{3701A154-4EE8-4606-9E53-453CA5D927C1}.Release|Any CPU.Build.0 = Release|Any CPU
		{E310F4B6-83F0-4C62-8148-9115DC476A04}.Debug|Any CPU.ActiveCfg = Debug|Any CPU
		{E310F4B6-83F0-4C62-8148-9115DC476A04}.Debug|Any CPU.Build.0 = Debug|Any CPU
		{E310F4B6-83F0-4C62-8148-9115DC476A04}.Release|Any CPU.ActiveCfg = Release|Any CPU
		{E310F4B6-83F0-4C62-8148-9115DC476A04}.Release|Any CPU.Build.0 = Release|Any CPU
		{A51C8021-D614-487F-8BA4-CC482D486B01}.Debug|Any CPU.ActiveCfg = Debug|Any CPU
		{A51C8021-D614-487F-8BA4-CC482D486B01}.Debug|Any CPU.Build.0 = Debug|Any CPU
		{A51C8021-D614-487F-8BA4-CC482D486B01}.Release|Any CPU.ActiveCfg = Release|Any CPU
		{A51C8021-D614-487F-8BA4-CC482D486B01}.Release|Any CPU.Build.0 = Release|Any CPU
		{008A0E68-1A5F-4CEC-8849-EFE5B6C84663}.Debug|Any CPU.ActiveCfg = Debug|Any CPU
		{008A0E68-1A5F-4CEC-8849-EFE5B6C84663}.Debug|Any CPU.Build.0 = Debug|Any CPU
		{008A0E68-1A5F-4CEC-8849-EFE5B6C84663}.Release|Any CPU.ActiveCfg = Release|Any CPU
		{008A0E68-1A5F-4CEC-8849-EFE5B6C84663}.Release|Any CPU.Build.0 = Release|Any CPU
		{087AEE73-1C0C-4DB9-97AB-992C39963E7B}.Debug|Any CPU.ActiveCfg = Debug|Any CPU
		{087AEE73-1C0C-4DB9-97AB-992C39963E7B}.Debug|Any CPU.Build.0 = Debug|Any CPU
		{087AEE73-1C0C-4DB9-97AB-992C39963E7B}.Release|Any CPU.ActiveCfg = Release|Any CPU
		{087AEE73-1C0C-4DB9-97AB-992C39963E7B}.Release|Any CPU.Build.0 = Release|Any CPU
		{A352EC06-558E-4F10-8B3E-95F9BFD059BA}.Debug|Any CPU.ActiveCfg = Debug|Any CPU
		{A352EC06-558E-4F10-8B3E-95F9BFD059BA}.Debug|Any CPU.Build.0 = Debug|Any CPU
		{A352EC06-558E-4F10-8B3E-95F9BFD059BA}.Release|Any CPU.ActiveCfg = Release|Any CPU
		{A352EC06-558E-4F10-8B3E-95F9BFD059BA}.Release|Any CPU.Build.0 = Release|Any CPU
		{1AFEDDEF-FDAB-4EF6-BB66-025D0CF3C940}.Debug|Any CPU.ActiveCfg = Debug|Any CPU
		{1AFEDDEF-FDAB-4EF6-BB66-025D0CF3C940}.Debug|Any CPU.Build.0 = Debug|Any CPU
		{1AFEDDEF-FDAB-4EF6-BB66-025D0CF3C940}.Release|Any CPU.ActiveCfg = Release|Any CPU
		{1AFEDDEF-FDAB-4EF6-BB66-025D0CF3C940}.Release|Any CPU.Build.0 = Release|Any CPU
		{84CFA998-CDFE-44AC-AA48-FA81B8E72DD9}.Debug|Any CPU.ActiveCfg = Debug|Any CPU
		{84CFA998-CDFE-44AC-AA48-FA81B8E72DD9}.Debug|Any CPU.Build.0 = Debug|Any CPU
		{84CFA998-CDFE-44AC-AA48-FA81B8E72DD9}.Release|Any CPU.ActiveCfg = Release|Any CPU
		{84CFA998-CDFE-44AC-AA48-FA81B8E72DD9}.Release|Any CPU.Build.0 = Release|Any CPU
	EndGlobalSection
	GlobalSection(SolutionProperties) = preSolution
		HideSolutionNode = FALSE
	EndGlobalSection
	GlobalSection(NestedProjects) = preSolution
		{29B437FE-5328-4E5D-8BF7-0DA5FEEEE5C8} = {6E660A58-A225-4BE1-806A-D976DACD4379}
		{7CD83558-619B-4E91-8490-65896C9C1551} = {6E660A58-A225-4BE1-806A-D976DACD4379}
		{C9DFF82C-B776-4CB0-90A8-E2BA3ABE3146} = {6E660A58-A225-4BE1-806A-D976DACD4379}
		{7D360A2E-66EF-47F8-BF43-13BFD91A9968} = {6E660A58-A225-4BE1-806A-D976DACD4379}
		{46014050-C1A9-4DC4-8526-B119A3A3F42A} = {B5D91DF1-E320-4CE9-B5A7-0D30BBBE076E}
		{44B63205-57D1-47F2-B94A-3338F9E711D6} = {B5D91DF1-E320-4CE9-B5A7-0D30BBBE076E}
		{0B698A56-5A9D-48C0-90B8-82F6FDA8B7D9} = {B5D91DF1-E320-4CE9-B5A7-0D30BBBE076E}
		{A7BAED7A-CE11-460E-9BC6-3A91891DA0C5} = {29B437FE-5328-4E5D-8BF7-0DA5FEEEE5C8}
		{DCBA8583-F52E-4A02-9393-677E6391D629} = {7CD83558-619B-4E91-8490-65896C9C1551}
		{3701A154-4EE8-4606-9E53-453CA5D927C1} = {7CD83558-619B-4E91-8490-65896C9C1551}
		{E310F4B6-83F0-4C62-8148-9115DC476A04} = {7CD83558-619B-4E91-8490-65896C9C1551}
		{A51C8021-D614-487F-8BA4-CC482D486B01} = {7CD83558-619B-4E91-8490-65896C9C1551}
		{008A0E68-1A5F-4CEC-8849-EFE5B6C84663} = {7CD83558-619B-4E91-8490-65896C9C1551}
		{954DE97C-398C-410B-B49F-0F4085B0570B} = {C9DFF82C-B776-4CB0-90A8-E2BA3ABE3146}
		{087AEE73-1C0C-4DB9-97AB-992C39963E7B} = {954DE97C-398C-410B-B49F-0F4085B0570B}
		{A352EC06-558E-4F10-8B3E-95F9BFD059BA} = {954DE97C-398C-410B-B49F-0F4085B0570B}
		{1AFEDDEF-FDAB-4EF6-BB66-025D0CF3C940} = {954DE97C-398C-410B-B49F-0F4085B0570B}
		{84CFA998-CDFE-44AC-AA48-FA81B8E72DD9} = {7D360A2E-66EF-47F8-BF43-13BFD91A9968}
	EndGlobalSection
EndGlobal
